// !$*UTF8*$!
{
	archiveVersion = 1;
	classes = {
	};
	objectVersion = 46;
	objects = {

/* Begin PBXBuildFile section */
		243B9CE2F21D20E069CBE50F /* libPods-kaisuo.a in Frameworks */ = {isa = PBXBuildFile; fileRef = 6C57A28182BE833AFD369770 /* libPods-kaisuo.a */; };
		5D40D15E2047BA01001355E1 /* KCStatusTableViewCell.m in Sources */ = {isa = PBXBuildFile; fileRef = 5D40D15D2047BA01001355E1 /* KCStatusTableViewCell.m */; };
		5D40D1602047CDD0001355E1 /* Lockcell.xib in Resources */ = {isa = PBXBuildFile; fileRef = 5D40D15F2047CDD0001355E1 /* Lockcell.xib */; };
		5D7F01011EE4617300CDB229 /* main.m in Sources */ = {isa = PBXBuildFile; fileRef = 5D7F01001EE4617300CDB229 /* main.m */; };
		5D7F010F1EE4617300CDB229 /* Assets.xcassets in Resources */ = {isa = PBXBuildFile; fileRef = 5D7F010E1EE4617300CDB229 /* Assets.xcassets */; };
		5D7F01121EE4617300CDB229 /* LaunchScreen.storyboard in Resources */ = {isa = PBXBuildFile; fileRef = 5D7F01101EE4617300CDB229 /* LaunchScreen.storyboard */; };
		5D7F011F1EE4619C00CDB229 /* libDHble.a in Frameworks */ = {isa = PBXBuildFile; fileRef = 5D7F011C1EE4619C00CDB229 /* libDHble.a */; };
		5D7F01221EE4702F00CDB229 /* CoreBluetooth.framework in Frameworks */ = {isa = PBXBuildFile; fileRef = 5D7F01211EE4702F00CDB229 /* CoreBluetooth.framework */; };
		740F826D201EDE35009A01E4 /* BLPersonalController.m in Sources */ = {isa = PBXBuildFile; fileRef = 740F8262201EDE35009A01E4 /* BLPersonalController.m */; };
		740F826E201EDE35009A01E4 /* BLAppDelegate.m in Sources */ = {isa = PBXBuildFile; fileRef = 740F8265201EDE35009A01E4 /* BLAppDelegate.m */; };
		740F826F201EDE35009A01E4 /* BLMainController.m in Sources */ = {isa = PBXBuildFile; fileRef = 740F826A201EDE35009A01E4 /* BLMainController.m */; };
		740F8276201EE06C009A01E4 /* BLLoginController.m in Sources */ = {isa = PBXBuildFile; fileRef = 740F8275201EE06C009A01E4 /* BLLoginController.m */; };
		740F8279201EE077009A01E4 /* BLRegisterController.m in Sources */ = {isa = PBXBuildFile; fileRef = 740F8278201EE077009A01E4 /* BLRegisterController.m */; };
		740F8280201EE225009A01E4 /* XCNetworkHandler.m in Sources */ = {isa = PBXBuildFile; fileRef = 740F827E201EE225009A01E4 /* XCNetworkHandler.m */; };
		740F8281201EE225009A01E4 /* XCNetworkHelper.m in Sources */ = {isa = PBXBuildFile; fileRef = 740F827F201EE225009A01E4 /* XCNetworkHelper.m */; };
		740F8284201EE862009A01E4 /* NullSafe.m in Sources */ = {isa = PBXBuildFile; fileRef = 740F8283201EE862009A01E4 /* NullSafe.m */; };
		740F8288201EE8DB009A01E4 /* XCUtils.m in Sources */ = {isa = PBXBuildFile; fileRef = 740F8286201EE8DB009A01E4 /* XCUtils.m */; };
		740F828920204AD1009A01E4 /* Main.storyboard in Resources */ = {isa = PBXBuildFile; fileRef = 5D7F010B1EE4617300CDB229 /* Main.storyboard */; };
		740F828C2020561A009A01E4 /* BLBaseModel.m in Sources */ = {isa = PBXBuildFile; fileRef = 740F828B2020561A009A01E4 /* BLBaseModel.m */; };
		740F828F20205761009A01E4 /* Enrollment.storyboard in Resources */ = {isa = PBXBuildFile; fileRef = 740F828D20205761009A01E4 /* Enrollment.storyboard */; };
		740F829220205D63009A01E4 /* BLUserModel.m in Sources */ = {isa = PBXBuildFile; fileRef = 740F829120205D63009A01E4 /* BLUserModel.m */; };
/* End PBXBuildFile section */

/* Begin PBXFileReference section */
		35E90E1CE21C0532D73832FC /* Pods-kaisuo.release.xcconfig */ = {isa = PBXFileReference; includeInIndex = 1; lastKnownFileType = text.xcconfig; name = "Pods-kaisuo.release.xcconfig"; path = "Pods/Target Support Files/Pods-kaisuo/Pods-kaisuo.release.xcconfig"; sourceTree = "<group>"; };
		5D40D15C2047BA01001355E1 /* KCStatusTableViewCell.h */ = {isa = PBXFileReference; lastKnownFileType = sourcecode.c.h; path = KCStatusTableViewCell.h; sourceTree = "<group>"; };
		5D40D15D2047BA01001355E1 /* KCStatusTableViewCell.m */ = {isa = PBXFileReference; lastKnownFileType = sourcecode.c.objc; path = KCStatusTableViewCell.m; sourceTree = "<group>"; };
		5D40D15F2047CDD0001355E1 /* Lockcell.xib */ = {isa = PBXFileReference; lastKnownFileType = file.xib; path = Lockcell.xib; sourceTree = "<group>"; };
		5D7F00FC1EE4617300CDB229 /* kaisuo.app */ = {isa = PBXFileReference; explicitFileType = wrapper.application; includeInIndex = 0; path = kaisuo.app; sourceTree = BUILT_PRODUCTS_DIR; };
		5D7F01001EE4617300CDB229 /* main.m */ = {isa = PBXFileReference; lastKnownFileType = sourcecode.c.objc; path = main.m; sourceTree = "<group>"; };
		5D7F010C1EE4617300CDB229 /* Base */ = {isa = PBXFileReference; lastKnownFileType = file.storyboard; name = Base; path = Base.lproj/Main.storyboard; sourceTree = "<group>"; };
		5D7F010E1EE4617300CDB229 /* Assets.xcassets */ = {isa = PBXFileReference; lastKnownFileType = folder.assetcatalog; path = Assets.xcassets; sourceTree = "<group>"; };
		5D7F01111EE4617300CDB229 /* Base */ = {isa = PBXFileReference; lastKnownFileType = file.storyboard; name = Base; path = Base.lproj/LaunchScreen.storyboard; sourceTree = "<group>"; };
		5D7F01131EE4617300CDB229 /* Info.plist */ = {isa = PBXFileReference; lastKnownFileType = text.plist.xml; path = Info.plist; sourceTree = "<group>"; };
		5D7F011A1EE4619C00CDB229 /* DHBle.h */ = {isa = PBXFileReference; fileEncoding = 4; lastKnownFileType = sourcecode.c.h; path = DHBle.h; sourceTree = "<group>"; };
		5D7F011B1EE4619C00CDB229 /* keyObject.h */ = {isa = PBXFileReference; fileEncoding = 4; lastKnownFileType = sourcecode.c.h; path = keyObject.h; sourceTree = "<group>"; };
		5D7F011C1EE4619C00CDB229 /* libDHble.a */ = {isa = PBXFileReference; lastKnownFileType = archive.ar; path = libDHble.a; sourceTree = "<group>"; };
		5D7F011D1EE4619C00CDB229 /* LocationManager.h */ = {isa = PBXFileReference; fileEncoding = 4; lastKnownFileType = sourcecode.c.h; path = LocationManager.h; sourceTree = "<group>"; };
		5D7F011E1EE4619C00CDB229 /* OneKeyApi.h */ = {isa = PBXFileReference; fileEncoding = 4; lastKnownFileType = sourcecode.c.h; path = OneKeyApi.h; sourceTree = "<group>"; };
		5D7F01211EE4702F00CDB229 /* CoreBluetooth.framework */ = {isa = PBXFileReference; lastKnownFileType = wrapper.framework; name = CoreBluetooth.framework; path = System/Library/Frameworks/CoreBluetooth.framework; sourceTree = SDKROOT; };
		6C57A28182BE833AFD369770 /* libPods-kaisuo.a */ = {isa = PBXFileReference; explicitFileType = archive.ar; includeInIndex = 0; path = "libPods-kaisuo.a"; sourceTree = BUILT_PRODUCTS_DIR; };
		740F8262201EDE35009A01E4 /* BLPersonalController.m */ = {isa = PBXFileReference; fileEncoding = 4; lastKnownFileType = sourcecode.c.objc; path = BLPersonalController.m; sourceTree = "<group>"; };
		740F8263201EDE35009A01E4 /* BLPersonalController.h */ = {isa = PBXFileReference; fileEncoding = 4; lastKnownFileType = sourcecode.c.h; path = BLPersonalController.h; sourceTree = "<group>"; };
		740F8265201EDE35009A01E4 /* BLAppDelegate.m */ = {isa = PBXFileReference; fileEncoding = 4; lastKnownFileType = sourcecode.c.objc; path = BLAppDelegate.m; sourceTree = "<group>"; };
		740F8269201EDE35009A01E4 /* BLMainController.h */ = {isa = PBXFileReference; fileEncoding = 4; lastKnownFileType = sourcecode.c.h; path = BLMainController.h; sourceTree = "<group>"; };
		740F826A201EDE35009A01E4 /* BLMainController.m */ = {isa = PBXFileReference; fileEncoding = 4; lastKnownFileType = sourcecode.c.objc; path = BLMainController.m; sourceTree = "<group>"; };
		740F826C201EDE35009A01E4 /* BLAppDelegate.h */ = {isa = PBXFileReference; fileEncoding = 4; lastKnownFileType = sourcecode.c.h; path = BLAppDelegate.h; sourceTree = "<group>"; };
		740F8274201EE06C009A01E4 /* BLLoginController.h */ = {isa = PBXFileReference; lastKnownFileType = sourcecode.c.h; path = BLLoginController.h; sourceTree = "<group>"; };
		740F8275201EE06C009A01E4 /* BLLoginController.m */ = {isa = PBXFileReference; lastKnownFileType = sourcecode.c.objc; path = BLLoginController.m; sourceTree = "<group>"; };
		740F8277201EE077009A01E4 /* BLRegisterController.h */ = {isa = PBXFileReference; lastKnownFileType = sourcecode.c.h; path = BLRegisterController.h; sourceTree = "<group>"; };
		740F8278201EE077009A01E4 /* BLRegisterController.m */ = {isa = PBXFileReference; lastKnownFileType = sourcecode.c.objc; path = BLRegisterController.m; sourceTree = "<group>"; };
		740F827C201EE225009A01E4 /* XCNetworkHandler.h */ = {isa = PBXFileReference; fileEncoding = 4; lastKnownFileType = sourcecode.c.h; path = XCNetworkHandler.h; sourceTree = "<group>"; };
		740F827D201EE225009A01E4 /* XCNetworkHelper.h */ = {isa = PBXFileReference; fileEncoding = 4; lastKnownFileType = sourcecode.c.h; path = XCNetworkHelper.h; sourceTree = "<group>"; };
		740F827E201EE225009A01E4 /* XCNetworkHandler.m */ = {isa = PBXFileReference; fileEncoding = 4; lastKnownFileType = sourcecode.c.objc; path = XCNetworkHandler.m; sourceTree = "<group>"; };
		740F827F201EE225009A01E4 /* XCNetworkHelper.m */ = {isa = PBXFileReference; fileEncoding = 4; lastKnownFileType = sourcecode.c.objc; path = XCNetworkHelper.m; sourceTree = "<group>"; };
		740F8283201EE862009A01E4 /* NullSafe.m */ = {isa = PBXFileReference; fileEncoding = 4; lastKnownFileType = sourcecode.c.objc; path = NullSafe.m; sourceTree = "<group>"; };
		740F8286201EE8DB009A01E4 /* XCUtils.m */ = {isa = PBXFileReference; fileEncoding = 4; lastKnownFileType = sourcecode.c.objc; path = XCUtils.m; sourceTree = "<group>"; };
		740F8287201EE8DB009A01E4 /* XCUtils.h */ = {isa = PBXFileReference; fileEncoding = 4; lastKnownFileType = sourcecode.c.h; path = XCUtils.h; sourceTree = "<group>"; };
		740F828A2020561A009A01E4 /* BLBaseModel.h */ = {isa = PBXFileReference; lastKnownFileType = sourcecode.c.h; path = BLBaseModel.h; sourceTree = "<group>"; };
		740F828B2020561A009A01E4 /* BLBaseModel.m */ = {isa = PBXFileReference; lastKnownFileType = sourcecode.c.objc; path = BLBaseModel.m; sourceTree = "<group>"; };
		740F828E20205761009A01E4 /* Base */ = {isa = PBXFileReference; lastKnownFileType = file.storyboard; name = Base; path = Base.lproj/Enrollment.storyboard; sourceTree = "<group>"; };
		740F829020205D63009A01E4 /* BLUserModel.h */ = {isa = PBXFileReference; lastKnownFileType = sourcecode.c.h; path = BLUserModel.h; sourceTree = "<group>"; };
		740F829120205D63009A01E4 /* BLUserModel.m */ = {isa = PBXFileReference; lastKnownFileType = sourcecode.c.objc; path = BLUserModel.m; sourceTree = "<group>"; };
		CB1E8E8FB3E5D41185E9CA6B /* Pods-kaisuo.debug.xcconfig */ = {isa = PBXFileReference; includeInIndex = 1; lastKnownFileType = text.xcconfig; name = "Pods-kaisuo.debug.xcconfig"; path = "Pods/Target Support Files/Pods-kaisuo/Pods-kaisuo.debug.xcconfig"; sourceTree = "<group>"; };
/* End PBXFileReference section */

/* Begin PBXFrameworksBuildPhase section */
		5D7F00F91EE4617300CDB229 /* Frameworks */ = {
			isa = PBXFrameworksBuildPhase;
			buildActionMask = 2147483647;
			files = (
				5D7F01221EE4702F00CDB229 /* CoreBluetooth.framework in Frameworks */,
				5D7F011F1EE4619C00CDB229 /* libDHble.a in Frameworks */,
				243B9CE2F21D20E069CBE50F /* libPods-kaisuo.a in Frameworks */,
			);
			runOnlyForDeploymentPostprocessing = 0;
		};
/* End PBXFrameworksBuildPhase section */

/* Begin PBXGroup section */
		5D7F00F31EE4617300CDB229 = {
			isa = PBXGroup;
			children = (
				5D7F00FE1EE4617300CDB229 /* kaisuo */,
				5D7F00FD1EE4617300CDB229 /* Products */,
				5D7F01201EE4702F00CDB229 /* Frameworks */,
				6A42378FB637F2B567AA9FA0 /* Pods */,
			);
			sourceTree = "<group>";
		};
		5D7F00FD1EE4617300CDB229 /* Products */ = {
			isa = PBXGroup;
			children = (
				5D7F00FC1EE4617300CDB229 /* kaisuo.app */,
			);
			name = Products;
			sourceTree = "<group>";
		};
		5D7F00FE1EE4617300CDB229 /* kaisuo */ = {
			isa = PBXGroup;
			children = (
				740F825E201EDE35009A01E4 /* Classes */,
				5D7F010B1EE4617300CDB229 /* Main.storyboard */,
				5D40D15F2047CDD0001355E1 /* Lockcell.xib */,
				740F828D20205761009A01E4 /* Enrollment.storyboard */,
				5D7F010E1EE4617300CDB229 /* Assets.xcassets */,
				5D7F01101EE4617300CDB229 /* LaunchScreen.storyboard */,
				5D7F01131EE4617300CDB229 /* Info.plist */,
				5D7F01191EE4619C00CDB229 /* DHble */,
				5D7F00FF1EE4617300CDB229 /* Supporting Files */,
			);
			path = kaisuo;
			sourceTree = "<group>";
		};
		5D7F00FF1EE4617300CDB229 /* Supporting Files */ = {
			isa = PBXGroup;
			children = (
				5D7F01001EE4617300CDB229 /* main.m */,
			);
			name = "Supporting Files";
			sourceTree = "<group>";
		};
		5D7F01191EE4619C00CDB229 /* DHble */ = {
			isa = PBXGroup;
			children = (
				5D7F011A1EE4619C00CDB229 /* DHBle.h */,
				5D7F011B1EE4619C00CDB229 /* keyObject.h */,
				5D7F011C1EE4619C00CDB229 /* libDHble.a */,
				5D7F011D1EE4619C00CDB229 /* LocationManager.h */,
				5D7F011E1EE4619C00CDB229 /* OneKeyApi.h */,
			);
			path = DHble;
			sourceTree = "<group>";
		};
		5D7F01201EE4702F00CDB229 /* Frameworks */ = {
			isa = PBXGroup;
			children = (
				5D7F01211EE4702F00CDB229 /* CoreBluetooth.framework */,
				6C57A28182BE833AFD369770 /* libPods-kaisuo.a */,
			);
			name = Frameworks;
			sourceTree = "<group>";
		};
		6A42378FB637F2B567AA9FA0 /* Pods */ = {
			isa = PBXGroup;
			children = (
				CB1E8E8FB3E5D41185E9CA6B /* Pods-kaisuo.debug.xcconfig */,
				35E90E1CE21C0532D73832FC /* Pods-kaisuo.release.xcconfig */,
			);
			name = Pods;
			sourceTree = "<group>";
		};
		740F825E201EDE35009A01E4 /* Classes */ = {
			isa = PBXGroup;
			children = (
				740F827A201EE225009A01E4 /* Venders */,
				740F8270201EE053009A01E4 /* Enroll */,
				740F825F201EDE35009A01E4 /* Personal */,
				740F8266201EDE35009A01E4 /* Main */,
				740F826C201EDE35009A01E4 /* BLAppDelegate.h */,
				740F8265201EDE35009A01E4 /* BLAppDelegate.m */,
			);
			path = Classes;
			sourceTree = "<group>";
		};
		740F825F201EDE35009A01E4 /* Personal */ = {
			isa = PBXGroup;
			children = (
				740F8260201EDE35009A01E4 /* Models */,
				740F8261201EDE35009A01E4 /* Controllers */,
				740F8264201EDE35009A01E4 /* Views */,
			);
			path = Personal;
			sourceTree = "<group>";
		};
		740F8260201EDE35009A01E4 /* Models */ = {
			isa = PBXGroup;
			children = (
			);
			path = Models;
			sourceTree = "<group>";
		};
		740F8261201EDE35009A01E4 /* Controllers */ = {
			isa = PBXGroup;
			children = (
				740F8263201EDE35009A01E4 /* BLPersonalController.h */,
				740F8262201EDE35009A01E4 /* BLPersonalController.m */,
			);
			path = Controllers;
			sourceTree = "<group>";
		};
		740F8264201EDE35009A01E4 /* Views */ = {
			isa = PBXGroup;
			children = (
			);
			path = Views;
			sourceTree = "<group>";
		};
		740F8266201EDE35009A01E4 /* Main */ = {
			isa = PBXGroup;
			children = (
				740F8267201EDE35009A01E4 /* Models */,
				740F8268201EDE35009A01E4 /* Controllers */,
				740F826B201EDE35009A01E4 /* Views */,
			);
			path = Main;
			sourceTree = "<group>";
		};
		740F8267201EDE35009A01E4 /* Models */ = {
			isa = PBXGroup;
			children = (
				740F828A2020561A009A01E4 /* BLBaseModel.h */,
				740F828B2020561A009A01E4 /* BLBaseModel.m */,
			);
			path = Models;
			sourceTree = "<group>";
		};
		740F8268201EDE35009A01E4 /* Controllers */ = {
			isa = PBXGroup;
			children = (
				740F8269201EDE35009A01E4 /* BLMainController.h */,
				740F826A201EDE35009A01E4 /* BLMainController.m */,
			);
			path = Controllers;
			sourceTree = "<group>";
		};
		740F826B201EDE35009A01E4 /* Views */ = {
			isa = PBXGroup;
			children = (
			);
			path = Views;
			sourceTree = "<group>";
		};
		740F8270201EE053009A01E4 /* Enroll */ = {
			isa = PBXGroup;
			children = (
				740F8271201EE053009A01E4 /* Models */,
				740F8272201EE053009A01E4 /* Controllers */,
				740F8273201EE053009A01E4 /* Views */,
			);
			path = Enroll;
			sourceTree = "<group>";
		};
		740F8271201EE053009A01E4 /* Models */ = {
			isa = PBXGroup;
			children = (
				740F829020205D63009A01E4 /* BLUserModel.h */,
				740F829120205D63009A01E4 /* BLUserModel.m */,
			);
			path = Models;
			sourceTree = "<group>";
		};
		740F8272201EE053009A01E4 /* Controllers */ = {
			isa = PBXGroup;
			children = (
				740F8274201EE06C009A01E4 /* BLLoginController.h */,
				740F8275201EE06C009A01E4 /* BLLoginController.m */,
				740F8277201EE077009A01E4 /* BLRegisterController.h */,
				740F8278201EE077009A01E4 /* BLRegisterController.m */,
			);
			path = Controllers;
			sourceTree = "<group>";
		};
		740F8273201EE053009A01E4 /* Views */ = {
			isa = PBXGroup;
			children = (
			);
			path = Views;
			sourceTree = "<group>";
		};
		740F827A201EE225009A01E4 /* Venders */ = {
			isa = PBXGroup;
			children = (
				740F8285201EE8DB009A01E4 /* Utils */,
				740F8282201EE862009A01E4 /* NullSafe */,
				740F827B201EE225009A01E4 /* Networking */,
			);
			path = Venders;
			sourceTree = "<group>";
		};
		740F827B201EE225009A01E4 /* Networking */ = {
			isa = PBXGroup;
			children = (
				740F827C201EE225009A01E4 /* XCNetworkHandler.h */,
				740F827E201EE225009A01E4 /* XCNetworkHandler.m */,
				740F827D201EE225009A01E4 /* XCNetworkHelper.h */,
				740F827F201EE225009A01E4 /* XCNetworkHelper.m */,
			);
			path = Networking;
			sourceTree = "<group>";
		};
		740F8282201EE862009A01E4 /* NullSafe */ = {
			isa = PBXGroup;
			children = (
				740F8283201EE862009A01E4 /* NullSafe.m */,
			);
			path = NullSafe;
			sourceTree = "<group>";
		};
		740F8285201EE8DB009A01E4 /* Utils */ = {
			isa = PBXGroup;
			children = (
				740F8287201EE8DB009A01E4 /* XCUtils.h */,
				740F8286201EE8DB009A01E4 /* XCUtils.m */,
				5D40D15C2047BA01001355E1 /* KCStatusTableViewCell.h */,
				5D40D15D2047BA01001355E1 /* KCStatusTableViewCell.m */,
			);
			path = Utils;
			sourceTree = "<group>";
		};
/* End PBXGroup section */

/* Begin PBXNativeTarget section */
		5D7F00FB1EE4617300CDB229 /* kaisuo */ = {
			isa = PBXNativeTarget;
			buildConfigurationList = 5D7F01161EE4617300CDB229 /* Build configuration list for PBXNativeTarget "kaisuo" */;
			buildPhases = (
				DEB02E0ECE37CCEB496DDA32 /* [CP] Check Pods Manifest.lock */,
				5D7F00F81EE4617300CDB229 /* Sources */,
				5D7F00F91EE4617300CDB229 /* Frameworks */,
				5D7F00FA1EE4617300CDB229 /* Resources */,
				E4606DCC74A4845197C7DE68 /* [CP] Embed Pods Frameworks */,
				02D71E1B0E3EF1444167D317 /* [CP] Copy Pods Resources */,
			);
			buildRules = (
			);
			dependencies = (
			);
			name = kaisuo;
			productName = kaisuo;
			productReference = 5D7F00FC1EE4617300CDB229 /* kaisuo.app */;
			productType = "com.apple.product-type.application";
		};
/* End PBXNativeTarget section */

/* Begin PBXProject section */
		5D7F00F41EE4617300CDB229 /* Project object */ = {
			isa = PBXProject;
			attributes = {
				CLASSPREFIX = BL;
				LastUpgradeCheck = 0920;
				ORGANIZATIONNAME = "苗壮";
				TargetAttributes = {
					5D7F00FB1EE4617300CDB229 = {
						CreatedOnToolsVersion = 8.3.2;
						DevelopmentTeam = TEHUHD2DQV;
						ProvisioningStyle = Automatic;
						SystemCapabilities = {
							com.apple.BackgroundModes = {
								enabled = 1;
							};
						};
					};
				};
			};
			buildConfigurationList = 5D7F00F71EE4617300CDB229 /* Build configuration list for PBXProject "kaisuo" */;
			compatibilityVersion = "Xcode 3.2";
			developmentRegion = English;
			hasScannedForEncodings = 0;
			knownRegions = (
				en,
				Base,
			);
			mainGroup = 5D7F00F31EE4617300CDB229;
			productRefGroup = 5D7F00FD1EE4617300CDB229 /* Products */;
			projectDirPath = "";
			projectRoot = "";
			targets = (
				5D7F00FB1EE4617300CDB229 /* kaisuo */,
			);
		};
/* End PBXProject section */

/* Begin PBXResourcesBuildPhase section */
		5D7F00FA1EE4617300CDB229 /* Resources */ = {
			isa = PBXResourcesBuildPhase;
			buildActionMask = 2147483647;
			files = (
				5D40D1602047CDD0001355E1 /* Lockcell.xib in Resources */,
				740F828F20205761009A01E4 /* Enrollment.storyboard in Resources */,
				740F828920204AD1009A01E4 /* Main.storyboard in Resources */,
				5D7F01121EE4617300CDB229 /* LaunchScreen.storyboard in Resources */,
				5D7F010F1EE4617300CDB229 /* Assets.xcassets in Resources */,
			);
			runOnlyForDeploymentPostprocessing = 0;
		};
/* End PBXResourcesBuildPhase section */

/* Begin PBXShellScriptBuildPhase section */
		02D71E1B0E3EF1444167D317 /* [CP] Copy Pods Resources */ = {
			isa = PBXShellScriptBuildPhase;
			buildActionMask = 2147483647;
			files = (
			);
			inputPaths = (
				"${SRCROOT}/Pods/Target Support Files/Pods-kaisuo/Pods-kaisuo-resources.sh",
				"${PODS_ROOT}/IQKeyboardManager/IQKeyboardManager/Resources/IQKeyboardManager.bundle",
				"${PODS_ROOT}/MJRefresh/MJRefresh/MJRefresh.bundle",
			);
			name = "[CP] Copy Pods Resources";
			outputPaths = (
				"${TARGET_BUILD_DIR}/${UNLOCALIZED_RESOURCES_FOLDER_PATH}/IQKeyboardManager.bundle",
				"${TARGET_BUILD_DIR}/${UNLOCALIZED_RESOURCES_FOLDER_PATH}/MJRefresh.bundle",
			);
			runOnlyForDeploymentPostprocessing = 0;
			shellPath = /bin/sh;
			shellScript = "\"${SRCROOT}/Pods/Target Support Files/Pods-kaisuo/Pods-kaisuo-resources.sh\"\n";
			showEnvVarsInLog = 0;
		};
		DEB02E0ECE37CCEB496DDA32 /* [CP] Check Pods Manifest.lock */ = {
			isa = PBXShellScriptBuildPhase;
			buildActionMask = 2147483647;
			files = (
			);
			inputPaths = (
				"${PODS_PODFILE_DIR_PATH}/Podfile.lock",
				"${PODS_ROOT}/Manifest.lock",
			);
			name = "[CP] Check Pods Manifest.lock";
			outputPaths = (
				"$(DERIVED_FILE_DIR)/Pods-kaisuo-checkManifestLockResult.txt",
			);
			runOnlyForDeploymentPostprocessing = 0;
			shellPath = /bin/sh;
			shellScript = "diff \"${PODS_PODFILE_DIR_PATH}/Podfile.lock\" \"${PODS_ROOT}/Manifest.lock\" > /dev/null\nif [ $? != 0 ] ; then\n    # print error to STDERR\n    echo \"error: The sandbox is not in sync with the Podfile.lock. Run 'pod install' or update your CocoaPods installation.\" >&2\n    exit 1\nfi\n# This output is used by Xcode 'outputs' to avoid re-running this script phase.\necho \"SUCCESS\" > \"${SCRIPT_OUTPUT_FILE_0}\"\n";
			showEnvVarsInLog = 0;
		};
		E4606DCC74A4845197C7DE68 /* [CP] Embed Pods Frameworks */ = {
			isa = PBXShellScriptBuildPhase;
			buildActionMask = 2147483647;
			files = (
			);
			inputPaths = (
			);
			name = "[CP] Embed Pods Frameworks";
			outputPaths = (
			);
			runOnlyForDeploymentPostprocessing = 0;
			shellPath = /bin/sh;
			shellScript = "\"${SRCROOT}/Pods/Target Support Files/Pods-kaisuo/Pods-kaisuo-frameworks.sh\"\n";
			showEnvVarsInLog = 0;
		};
/* End PBXShellScriptBuildPhase section */

/* Begin PBXSourcesBuildPhase section */
		5D7F00F81EE4617300CDB229 /* Sources */ = {
			isa = PBXSourcesBuildPhase;
			buildActionMask = 2147483647;
			files = (
				740F8288201EE8DB009A01E4 /* XCUtils.m in Sources */,
				740F8280201EE225009A01E4 /* XCNetworkHandler.m in Sources */,
				740F828C2020561A009A01E4 /* BLBaseModel.m in Sources */,
				5D40D15E2047BA01001355E1 /* KCStatusTableViewCell.m in Sources */,
				740F8281201EE225009A01E4 /* XCNetworkHelper.m in Sources */,
				740F8284201EE862009A01E4 /* NullSafe.m in Sources */,
				740F826F201EDE35009A01E4 /* BLMainController.m in Sources */,
				740F829220205D63009A01E4 /* BLUserModel.m in Sources */,
				740F826D201EDE35009A01E4 /* BLPersonalController.m in Sources */,
				740F8276201EE06C009A01E4 /* BLLoginController.m in Sources */,
				5D7F01011EE4617300CDB229 /* main.m in Sources */,
				740F8279201EE077009A01E4 /* BLRegisterController.m in Sources */,
				740F826E201EDE35009A01E4 /* BLAppDelegate.m in Sources */,
			);
			runOnlyForDeploymentPostprocessing = 0;
		};
/* End PBXSourcesBuildPhase section */

/* Begin PBXVariantGroup section */
		5D7F010B1EE4617300CDB229 /* Main.storyboard */ = {
			isa = PBXVariantGroup;
			children = (
				5D7F010C1EE4617300CDB229 /* Base */,
			);
			name = Main.storyboard;
			sourceTree = "<group>";
		};
		5D7F01101EE4617300CDB229 /* LaunchScreen.storyboard */ = {
			isa = PBXVariantGroup;
			children = (
				5D7F01111EE4617300CDB229 /* Base */,
			);
			name = LaunchScreen.storyboard;
			sourceTree = "<group>";
		};
		740F828D20205761009A01E4 /* Enrollment.storyboard */ = {
			isa = PBXVariantGroup;
			children = (
				740F828E20205761009A01E4 /* Base */,
			);
			name = Enrollment.storyboard;
			sourceTree = "<group>";
		};
/* End PBXVariantGroup section */

/* Begin XCBuildConfiguration section */
		5D7F01141EE4617300CDB229 /* Debug */ = {
			isa = XCBuildConfiguration;
			buildSettings = {
				ALWAYS_SEARCH_USER_PATHS = NO;
				CLANG_ANALYZER_NONNULL = YES;
				CLANG_ANALYZER_NUMBER_OBJECT_CONVERSION = YES_AGGRESSIVE;
				CLANG_CXX_LANGUAGE_STANDARD = "gnu++0x";
				CLANG_CXX_LIBRARY = "libc++";
				CLANG_ENABLE_MODULES = YES;
				CLANG_ENABLE_OBJC_ARC = YES;
				CLANG_WARN_BLOCK_CAPTURE_AUTORELEASING = YES;
				CLANG_WARN_BOOL_CONVERSION = YES;
				CLANG_WARN_COMMA = YES;
				CLANG_WARN_CONSTANT_CONVERSION = YES;
				CLANG_WARN_DIRECT_OBJC_ISA_USAGE = YES_ERROR;
				CLANG_WARN_DOCUMENTATION_COMMENTS = YES;
				CLANG_WARN_EMPTY_BODY = YES;
				CLANG_WARN_ENUM_CONVERSION = YES;
				CLANG_WARN_INFINITE_RECURSION = YES;
				CLANG_WARN_INT_CONVERSION = YES;
				CLANG_WARN_NON_LITERAL_NULL_CONVERSION = YES;
				CLANG_WARN_OBJC_LITERAL_CONVERSION = YES;
				CLANG_WARN_OBJC_ROOT_CLASS = YES_ERROR;
				CLANG_WARN_RANGE_LOOP_ANALYSIS = YES;
				CLANG_WARN_STRICT_PROTOTYPES = YES;
				CLANG_WARN_SUSPICIOUS_MOVE = YES;
				CLANG_WARN_UNREACHABLE_CODE = YES;
				CLANG_WARN__DUPLICATE_METHOD_MATCH = YES;
				"CODE_SIGN_IDENTITY[sdk=iphoneos*]" = "iPhone Developer";
				COPY_PHASE_STRIP = NO;
				DEBUG_INFORMATION_FORMAT = dwarf;
				ENABLE_STRICT_OBJC_MSGSEND = YES;
				ENABLE_TESTABILITY = YES;
				GCC_C_LANGUAGE_STANDARD = gnu99;
				GCC_DYNAMIC_NO_PIC = NO;
				GCC_NO_COMMON_BLOCKS = YES;
				GCC_OPTIMIZATION_LEVEL = 0;
				GCC_PREPROCESSOR_DEFINITIONS = (
					"DEBUG=1",
					"$(inherited)",
				);
				GCC_WARN_64_TO_32_BIT_CONVERSION = YES;
				GCC_WARN_ABOUT_RETURN_TYPE = YES_ERROR;
				GCC_WARN_UNDECLARED_SELECTOR = YES;
				GCC_WARN_UNINITIALIZED_AUTOS = YES_AGGRESSIVE;
				GCC_WARN_UNUSED_FUNCTION = YES;
				GCC_WARN_UNUSED_VARIABLE = YES;
				IPHONEOS_DEPLOYMENT_TARGET = 8.0;
				MTL_ENABLE_DEBUG_INFO = YES;
				ONLY_ACTIVE_ARCH = YES;
				SDKROOT = iphoneos;
			};
			name = Debug;
		};
		5D7F01151EE4617300CDB229 /* Release */ = {
			isa = XCBuildConfiguration;
			buildSettings = {
				ALWAYS_SEARCH_USER_PATHS = NO;
				CLANG_ANALYZER_NONNULL = YES;
				CLANG_ANALYZER_NUMBER_OBJECT_CONVERSION = YES_AGGRESSIVE;
				CLANG_CXX_LANGUAGE_STANDARD = "gnu++0x";
				CLANG_CXX_LIBRARY = "libc++";
				CLANG_ENABLE_MODULES = YES;
				CLANG_ENABLE_OBJC_ARC = YES;
				CLANG_WARN_BLOCK_CAPTURE_AUTORELEASING = YES;
				CLANG_WARN_BOOL_CONVERSION = YES;
				CLANG_WARN_COMMA = YES;
				CLANG_WARN_CONSTANT_CONVERSION = YES;
				CLANG_WARN_DIRECT_OBJC_ISA_USAGE = YES_ERROR;
				CLANG_WARN_DOCUMENTATION_COMMENTS = YES;
				CLANG_WARN_EMPTY_BODY = YES;
				CLANG_WARN_ENUM_CONVERSION = YES;
				CLANG_WARN_INFINITE_RECURSION = YES;
				CLANG_WARN_INT_CONVERSION = YES;
				CLANG_WARN_NON_LITERAL_NULL_CONVERSION = YES;
				CLANG_WARN_OBJC_LITERAL_CONVERSION = YES;
				CLANG_WARN_OBJC_ROOT_CLASS = YES_ERROR;
				CLANG_WARN_RANGE_LOOP_ANALYSIS = YES;
				CLANG_WARN_STRICT_PROTOTYPES = YES;
				CLANG_WARN_SUSPICIOUS_MOVE = YES;
				CLANG_WARN_UNREACHABLE_CODE = YES;
				CLANG_WARN__DUPLICATE_METHOD_MATCH = YES;
				"CODE_SIGN_IDENTITY[sdk=iphoneos*]" = "iPhone Developer";
				COPY_PHASE_STRIP = NO;
				DEBUG_INFORMATION_FORMAT = "dwarf-with-dsym";
				ENABLE_NS_ASSERTIONS = NO;
				ENABLE_STRICT_OBJC_MSGSEND = YES;
				GCC_C_LANGUAGE_STANDARD = gnu99;
				GCC_NO_COMMON_BLOCKS = YES;
				GCC_WARN_64_TO_32_BIT_CONVERSION = YES;
				GCC_WARN_ABOUT_RETURN_TYPE = YES_ERROR;
				GCC_WARN_UNDECLARED_SELECTOR = YES;
				GCC_WARN_UNINITIALIZED_AUTOS = YES_AGGRESSIVE;
				GCC_WARN_UNUSED_FUNCTION = YES;
				GCC_WARN_UNUSED_VARIABLE = YES;
				IPHONEOS_DEPLOYMENT_TARGET = 8.0;
				MTL_ENABLE_DEBUG_INFO = NO;
				SDKROOT = iphoneos;
				VALIDATE_PRODUCT = YES;
			};
			name = Release;
		};
		5D7F01171EE4617300CDB229 /* Debug */ = {
			isa = XCBuildConfiguration;
			baseConfigurationReference = CB1E8E8FB3E5D41185E9CA6B /* Pods-kaisuo.debug.xcconfig */;
			buildSettings = {
				ASSETCATALOG_COMPILER_APPICON_NAME = AppIcon;
				DEVELOPMENT_TEAM = TEHUHD2DQV;
				INFOPLIST_FILE = kaisuo/Info.plist;
				IPHONEOS_DEPLOYMENT_TARGET = 8.0;
				LD_RUNPATH_SEARCH_PATHS = "$(inherited) @executable_path/Frameworks";
				LIBRARY_SEARCH_PATHS = (
					"$(inherited)",
					"$(PROJECT_DIR)/kaisuo/DHble",
				);
				OTHER_LDFLAGS = (
					"$(inherited)",
					"-ObjC",
					"-l\"HexColors\"",
					"-l\"IQKeyboardManager\"",
					"-l\"MBProgressHUD\"",
					"-l\"MJExtension\"",
					"-l\"MJRefresh\"",
					"-l\"Masonry\"",
					"-l\"ReactiveCocoa\"",
					"-l\"SDWebImage\"",
					"-framework",
					"\"CoreGraphics\"",
					"-framework",
					"\"Foundation\"",
					"-framework",
					"\"ImageIO\"",
					"-framework",
					"\"MobileCoreServices\"",
					"-framework",
					"\"QuartzCore\"",
					"-framework",
					"\"Security\"",
					"-framework",
					"\"SystemConfiguration\"",
					"-framework",
					"\"UIKit\"",
				);
				PRODUCT_BUNDLE_IDENTIFIER = com.dlwebs.kaisuo.kaisuo;
				PRODUCT_NAME = "$(TARGET_NAME)";
			};
			name = Debug;
		};
		5D7F01181EE4617300CDB229 /* Release */ = {
			isa = XCBuildConfiguration;
			baseConfigurationReference = 35E90E1CE21C0532D73832FC /* Pods-kaisuo.release.xcconfig */;
			buildSettings = {
				ASSETCATALOG_COMPILER_APPICON_NAME = AppIcon;
				DEVELOPMENT_TEAM = TEHUHD2DQV;
				INFOPLIST_FILE = kaisuo/Info.plist;
				IPHONEOS_DEPLOYMENT_TARGET = 8.0;
				LD_RUNPATH_SEARCH_PATHS = "$(inherited) @executable_path/Frameworks";
				LIBRARY_SEARCH_PATHS = (
					"$(inherited)",
					"$(PROJECT_DIR)/kaisuo/DHble",
				);
				OTHER_LDFLAGS = (
					"$(inherited)",
					"-ObjC",
					"-l\"HexColors\"",
					"-l\"IQKeyboardManager\"",
					"-l\"MBProgressHUD\"",
					"-l\"MJExtension\"",
					"-l\"MJRefresh\"",
					"-l\"Masonry\"",
					"-l\"ReactiveCocoa\"",
					"-l\"SDWebImage\"",
					"-framework",
					"\"CoreGraphics\"",
					"-framework",
					"\"Foundation\"",
					"-framework",
					"\"ImageIO\"",
					"-framework",
					"\"MobileCoreServices\"",
					"-framework",
					"\"QuartzCore\"",
					"-framework",
					"\"Security\"",
					"-framework",
					"\"SystemConfiguration\"",
					"-framework",
					"\"UIKit\"",
				);
				PRODUCT_BUNDLE_IDENTIFIER = com.dlwebs.kaisuo.kaisuo;
				PRODUCT_NAME = "$(TARGET_NAME)";
			};
			name = Release;
		};
/* End XCBuildConfiguration section */

/* Begin XCConfigurationList section */
		5D7F00F71EE4617300CDB229 /* Build configuration list for PBXProject "kaisuo" */ = {
			isa = XCConfigurationList;
			buildConfigurations = (
				5D7F01141EE4617300CDB229 /* Debug */,
				5D7F01151EE4617300CDB229 /* Release */,
			);
			defaultConfigurationIsVisible = 0;
			defaultConfigurationName = Release;
		};
		5D7F01161EE4617300CDB229 /* Build configuration list for PBXNativeTarget "kaisuo" */ = {
			isa = XCConfigurationList;
			buildConfigurations = (
				5D7F01171EE4617300CDB229 /* Debug */,
				5D7F01181EE4617300CDB229 /* Release */,
			);
			defaultConfigurationIsVisible = 0;
			defaultConfigurationName = Release;
		};
/* End XCConfigurationList section */
	};
	rootObject = 5D7F00F41EE4617300CDB229 /* Project object */;
}
