// !$*UTF8*$!
{
	archiveVersion = 1;
	classes = {
	};
	objectVersion = 46;
	objects = {

/* Begin PBXBuildFile section */
		5D7F01011EE4617300CDB229 /* main.m in Sources */ = {isa = PBXBuildFile; fileRef = 5D7F01001EE4617300CDB229 /* main.m */; };
		5D7F01041EE4617300CDB229 /* AppDelegate.m in Sources */ = {isa = PBXBuildFile; fileRef = 5D7F01031EE4617300CDB229 /* AppDelegate.m */; };
		5D7F01071EE4617300CDB229 /* FirstViewController.m in Sources */ = {isa = PBXBuildFile; fileRef = 5D7F01061EE4617300CDB229 /* FirstViewController.m */; };
		5D7F010A1EE4617300CDB229 /* SecondViewController.m in Sources */ = {isa = PBXBuildFile; fileRef = 5D7F01091EE4617300CDB229 /* SecondViewController.m */; };
		5D7F010D1EE4617300CDB229 /* Main.storyboard in Resources */ = {isa = PBXBuildFile; fileRef = 5D7F010B1EE4617300CDB229 /* Main.storyboard */; };
		5D7F010F1EE4617300CDB229 /* Assets.xcassets in Resources */ = {isa = PBXBuildFile; fileRef = 5D7F010E1EE4617300CDB229 /* Assets.xcassets */; };
		5D7F01121EE4617300CDB229 /* LaunchScreen.storyboard in Resources */ = {isa = PBXBuildFile; fileRef = 5D7F01101EE4617300CDB229 /* LaunchScreen.storyboard */; };
/* End PBXBuildFile section */

/* Begin PBXFileReference section */
		5D7F00FC1EE4617300CDB229 /* kaisuo.app */ = {isa = PBXFileReference; explicitFileType = wrapper.application; includeInIndex = 0; path = kaisuo.app; sourceTree = BUILT_PRODUCTS_DIR; };
		5D7F01001EE4617300CDB229 /* main.m */ = {isa = PBXFileReference; lastKnownFileType = sourcecode.c.objc; path = main.m; sourceTree = "<group>"; };
		5D7F01021EE4617300CDB229 /* AppDelegate.h */ = {isa = PBXFileReference; lastKnownFileType = sourcecode.c.h; path = AppDelegate.h; sourceTree = "<group>"; };
		5D7F01031EE4617300CDB229 /* AppDelegate.m */ = {isa = PBXFileReference; lastKnownFileType = sourcecode.c.objc; path = AppDelegate.m; sourceTree = "<group>"; };
		5D7F01051EE4617300CDB229 /* FirstViewController.h */ = {isa = PBXFileReference; lastKnownFileType = sourcecode.c.h; path = FirstViewController.h; sourceTree = "<group>"; };
		5D7F01061EE4617300CDB229 /* FirstViewController.m */ = {isa = PBXFileReference; lastKnownFileType = sourcecode.c.objc; path = FirstViewController.m; sourceTree = "<group>"; };
		5D7F01081EE4617300CDB229 /* SecondViewController.h */ = {isa = PBXFileReference; lastKnownFileType = sourcecode.c.h; path = SecondViewController.h; sourceTree = "<group>"; };
		5D7F01091EE4617300CDB229 /* SecondViewController.m */ = {isa = PBXFileReference; lastKnownFileType = sourcecode.c.objc; path = SecondViewController.m; sourceTree = "<group>"; };
		5D7F010C1EE4617300CDB229 /* Base */ = {isa = PBXFileReference; lastKnownFileType = file.storyboard; name = Base; path = Base.lproj/Main.storyboard; sourceTree = "<group>"; };
		5D7F010E1EE4617300CDB229 /* Assets.xcassets */ = {isa = PBXFileReference; lastKnownFileType = folder.assetcatalog; path = Assets.xcassets; sourceTree = "<group>"; };
		5D7F01111EE4617300CDB229 /* Base */ = {isa = PBXFileReference; lastKnownFileType = file.storyboard; name = Base; path = Base.lproj/LaunchScreen.storyboard; sourceTree = "<group>"; };
		5D7F01131EE4617300CDB229 /* Info.plist */ = {isa = PBXFileReference; lastKnownFileType = text.plist.xml; path = Info.plist; sourceTree = "<group>"; };
/* End PBXFileReference section */

/* Begin PBXFrameworksBuildPhase section */
		5D7F00F91EE4617300CDB229 /* Frameworks */ = {
			isa = PBXFrameworksBuildPhase;
			buildActionMask = 2147483647;
			files = (
			);
			runOnlyForDeploymentPostprocessing = 0;
		};
/* End PBXFrameworksBuildPhase section */

/* Begin PBXGroup section */
		5D7F00F31EE4617300CDB229 = {
			isa = PBXGroup;
			children = (
				5D7F00FE1EE4617300CDB229 /* kaisuo */,
				5D7F00FD1EE4617300CDB229 /* Products */,
			);
			sourceTree = "<group>";
		};
		5D7F00FD1EE4617300CDB229 /* Products */ = {
			isa = PBXGroup;
			children = (
				5D7F00FC1EE4617300CDB229 /* kaisuo.app */,
			);
			name = Products;
			sourceTree = "<group>";
		};
		5D7F00FE1EE4617300CDB229 /* kaisuo */ = {
			isa = PBXGroup;
			children = (
				5D7F01021EE4617300CDB229 /* AppDelegate.h */,
				5D7F01031EE4617300CDB229 /* AppDelegate.m */,
				5D7F01051EE4617300CDB229 /* FirstViewController.h */,
				5D7F01061EE4617300CDB229 /* FirstViewController.m */,
				5D7F01081EE4617300CDB229 /* SecondViewController.h */,
				5D7F01091EE4617300CDB229 /* SecondViewController.m */,
				5D7F010B1EE4617300CDB229 /* Main.storyboard */,
				5D7F010E1EE4617300CDB229 /* Assets.xcassets */,
				5D7F01101EE4617300CDB229 /* LaunchScreen.storyboard */,
				5D7F01131EE4617300CDB229 /* Info.plist */,
				5D7F00FF1EE4617300CDB229 /* Supporting Files */,
			);
			path = kaisuo;
			sourceTree = "<group>";
		};
		5D7F00FF1EE4617300CDB229 /* Supporting Files */ = {
			isa = PBXGroup;
			children = (
				5D7F01001EE4617300CDB229 /* main.m */,
			);
			name = "Supporting Files";
			sourceTree = "<group>";
		};
/* End PBXGroup section */

/* Begin PBXNativeTarget section */
		5D7F00FB1EE4617300CDB229 /* kaisuo */ = {
			isa = PBXNativeTarget;
			buildConfigurationList = 5D7F01161EE4617300CDB229 /* Build configuration list for PBXNativeTarget "kaisuo" */;
			buildPhases = (
				5D7F00F81EE4617300CDB229 /* Sources */,
				5D7F00F91EE4617300CDB229 /* Frameworks */,
				5D7F00FA1EE4617300CDB229 /* Resources */,
			);
			buildRules = (
			);
			dependencies = (
			);
			name = kaisuo;
			productName = kaisuo;
			productReference = 5D7F00FC1EE4617300CDB229 /* kaisuo.app */;
			productType = "com.apple.product-type.application";
		};
/* End PBXNativeTarget section */

/* Begin PBXProject section */
		5D7F00F41EE4617300CDB229 /* Project object */ = {
			isa = PBXProject;
			attributes = {
				LastUpgradeCheck = 0830;
				ORGANIZATIONNAME = "苗壮";
				TargetAttributes = {
					5D7F00FB1EE4617300CDB229 = {
						CreatedOnToolsVersion = 8.3.2;
						DevelopmentTeam = X3C98NCPWJ;
						ProvisioningStyle = Automatic;
					};
				};
			};
			buildConfigurationList = 5D7F00F71EE4617300CDB229 /* Build configuration list for PBXProject "kaisuo" */;
			compatibilityVersion = "Xcode 3.2";
			developmentRegion = English;
			hasScannedForEncodings = 0;
			knownRegions = (
				en,
				Base,
			);
			mainGroup = 5D7F00F31EE4617300CDB229;
			productRefGroup = 5D7F00FD1EE4617300CDB229 /* Products */;
			projectDirPath = "";
			projectRoot = "";
			targets = (
				5D7F00FB1EE4617300CDB229 /* kaisuo */,
			);
		};
/* End PBXProject section */

/* Begin PBXResourcesBuildPhase section */
		5D7F00FA1EE4617300CDB229 /* Resources */ = {
			isa = PBXResourcesBuildPhase;
			buildActionMask = 2147483647;
			files = (
				5D7F01121EE4617300CDB229 /* LaunchScreen.storyboard in Resources */,
				5D7F010F1EE4617300CDB229 /* Assets.xcassets in Resources */,
				5D7F010D1EE4617300CDB229 /* Main.storyboard in Resources */,
			);
			runOnlyForDeploymentPostprocessing = 0;
		};
/* End PBXResourcesBuildPhase section */

/* Begin PBXSourcesBuildPhase section */
		5D7F00F81EE4617300CDB229 /* Sources */ = {
			isa = PBXSourcesBuildPhase;
			buildActionMask = 2147483647;
			files = (
				5D7F010A1EE4617300CDB229 /* SecondViewController.m in Sources */,
				5D7F01041EE4617300CDB229 /* AppDelegate.m in Sources */,
				5D7F01071EE4617300CDB229 /* FirstViewController.m in Sources */,
				5D7F01011EE4617300CDB229 /* main.m in Sources */,
			);
			runOnlyForDeploymentPostprocessing = 0;
		};
/* End PBXSourcesBuildPhase section */

/* Begin PBXVariantGroup section */
		5D7F010B1EE4617300CDB229 /* Main.storyboard */ = {
			isa = PBXVariantGroup;
			children = (
				5D7F010C1EE4617300CDB229 /* Base */,
			);
			name = Main.storyboard;
			sourceTree = "<group>";
		};
		5D7F01101EE4617300CDB229 /* LaunchScreen.storyboard */ = {
			isa = PBXVariantGroup;
			children = (
				5D7F01111EE4617300CDB229 /* Base */,
			);
			name = LaunchScreen.storyboard;
			sourceTree = "<group>";
		};
/* End PBXVariantGroup section */

/* Begin XCBuildConfiguration section */
		5D7F01141EE4617300CDB229 /* Debug */ = {
			isa = XCBuildConfiguration;
			buildSettings = {
				ALWAYS_SEARCH_USER_PATHS = NO;
				CLANG_ANALYZER_NONNULL = YES;
				CLANG_ANALYZER_NUMBER_OBJECT_CONVERSION = YES_AGGRESSIVE;
				CLANG_CXX_LANGUAGE_STANDARD = "gnu++0x";
				CLANG_CXX_LIBRARY = "libc++";
				CLANG_ENABLE_MODULES = YES;
				CLANG_ENABLE_OBJC_ARC = YES;
				CLANG_WARN_BOOL_CONVERSION = YES;
				CLANG_WARN_CONSTANT_CONVERSION = YES;
				CLANG_WARN_DIRECT_OBJC_ISA_USAGE = YES_ERROR;
				CLANG_WARN_DOCUMENTATION_COMMENTS = YES;
				CLANG_WARN_EMPTY_BODY = YES;
				CLANG_WARN_ENUM_CONVERSION = YES;
				CLANG_WARN_INFINITE_RECURSION = YES;
				CLANG_WARN_INT_CONVERSION = YES;
				CLANG_WARN_OBJC_ROOT_CLASS = YES_ERROR;
				CLANG_WARN_SUSPICIOUS_MOVE = YES;
				CLANG_WARN_UNREACHABLE_CODE = YES;
				CLANG_WARN__DUPLICATE_METHOD_MATCH = YES;
				"CODE_SIGN_IDENTITY[sdk=iphoneos*]" = "iPhone Developer";
				COPY_PHASE_STRIP = NO;
				DEBUG_INFORMATION_FORMAT = dwarf;
				ENABLE_STRICT_OBJC_MSGSEND = YES;
				ENABLE_TESTABILITY = YES;
				GCC_C_LANGUAGE_STANDARD = gnu99;
				GCC_DYNAMIC_NO_PIC = NO;
				GCC_NO_COMMON_BLOCKS = YES;
				GCC_OPTIMIZATION_LEVEL = 0;
				GCC_PREPROCESSOR_DEFINITIONS = (
					"DEBUG=1",
					"$(inherited)",
				);
				GCC_WARN_64_TO_32_BIT_CONVERSION = YES;
				GCC_WARN_ABOUT_RETURN_TYPE = YES_ERROR;
				GCC_WARN_UNDECLARED_SELECTOR = YES;
				GCC_WARN_UNINITIALIZED_AUTOS = YES_AGGRESSIVE;
				GCC_WARN_UNUSED_FUNCTION = YES;
				GCC_WARN_UNUSED_VARIABLE = YES;
				IPHONEOS_DEPLOYMENT_TARGET = 10.3;
				MTL_ENABLE_DEBUG_INFO = YES;
				ONLY_ACTIVE_ARCH = YES;
				SDKROOT = iphoneos;
			};
			name = Debug;
		};
		5D7F01151EE4617300CDB229 /* Release */ = {
			isa = XCBuildConfiguration;
			buildSettings = {
				ALWAYS_SEARCH_USER_PATHS = NO;
				CLANG_ANALYZER_NONNULL = YES;
				CLANG_ANALYZER_NUMBER_OBJECT_CONVERSION = YES_AGGRESSIVE;
				CLANG_CXX_LANGUAGE_STANDARD = "gnu++0x";
				CLANG_CXX_LIBRARY = "libc++";
				CLANG_ENABLE_MODULES = YES;
				CLANG_ENABLE_OBJC_ARC = YES;
				CLANG_WARN_BOOL_CONVERSION = YES;
				CLANG_WARN_CONSTANT_CONVERSION = YES;
				CLANG_WARN_DIRECT_OBJC_ISA_USAGE = YES_ERROR;
				CLANG_WARN_DOCUMENTATION_COMMENTS = YES;
				CLANG_WARN_EMPTY_BODY = YES;
				CLANG_WARN_ENUM_CONVERSION = YES;
				CLANG_WARN_INFINITE_RECURSION = YES;
				CLANG_WARN_INT_CONVERSION = YES;
				CLANG_WARN_OBJC_ROOT_CLASS = YES_ERROR;
				CLANG_WARN_SUSPICIOUS_MOVE = YES;
				CLANG_WARN_UNREACHABLE_CODE = YES;
				CLANG_WARN__DUPLICATE_METHOD_MATCH = YES;
				"CODE_SIGN_IDENTITY[sdk=iphoneos*]" = "iPhone Developer";
				COPY_PHASE_STRIP = NO;
				DEBUG_INFORMATION_FORMAT = "dwarf-with-dsym";
				ENABLE_NS_ASSERTIONS = NO;
				ENABLE_STRICT_OBJC_MSGSEND = YES;
				GCC_C_LANGUAGE_STANDARD = gnu99;
				GCC_NO_COMMON_BLOCKS = YES;
				GCC_WARN_64_TO_32_BIT_CONVERSION = YES;
				GCC_WARN_ABOUT_RETURN_TYPE = YES_ERROR;
				GCC_WARN_UNDECLARED_SELECTOR = YES;
				GCC_WARN_UNINITIALIZED_AUTOS = YES_AGGRESSIVE;
				GCC_WARN_UNUSED_FUNCTION = YES;
				GCC_WARN_UNUSED_VARIABLE = YES;
				IPHONEOS_DEPLOYMENT_TARGET = 10.3;
				MTL_ENABLE_DEBUG_INFO = NO;
				SDKROOT = iphoneos;
				VALIDATE_PRODUCT = YES;
			};
			name = Release;
		};
		5D7F01171EE4617300CDB229 /* Debug */ = {
			isa = XCBuildConfiguration;
			buildSettings = {
				ASSETCATALOG_COMPILER_APPICON_NAME = AppIcon;
				DEVELOPMENT_TEAM = X3C98NCPWJ;
				INFOPLIST_FILE = kaisuo/Info.plist;
				LD_RUNPATH_SEARCH_PATHS = "$(inherited) @executable_path/Frameworks";
				PRODUCT_BUNDLE_IDENTIFIER = com.dlwebs.kaisuo.kaisuo;
				PRODUCT_NAME = "$(TARGET_NAME)";
			};
			name = Debug;
		};
		5D7F01181EE4617300CDB229 /* Release */ = {
			isa = XCBuildConfiguration;
			buildSettings = {
				ASSETCATALOG_COMPILER_APPICON_NAME = AppIcon;
				DEVELOPMENT_TEAM = X3C98NCPWJ;
				INFOPLIST_FILE = kaisuo/Info.plist;
				LD_RUNPATH_SEARCH_PATHS = "$(inherited) @executable_path/Frameworks";
				PRODUCT_BUNDLE_IDENTIFIER = com.dlwebs.kaisuo.kaisuo;
				PRODUCT_NAME = "$(TARGET_NAME)";
			};
			name = Release;
		};
/* End XCBuildConfiguration section */

/* Begin XCConfigurationList section */
		5D7F00F71EE4617300CDB229 /* Build configuration list for PBXProject "kaisuo" */ = {
			isa = XCConfigurationList;
			buildConfigurations = (
				5D7F01141EE4617300CDB229 /* Debug */,
				5D7F01151EE4617300CDB229 /* Release */,
			);
			defaultConfigurationIsVisible = 0;
			defaultConfigurationName = Release;
		};
		5D7F01161EE4617300CDB229 /* Build configuration list for PBXNativeTarget "kaisuo" */ = {
			isa = XCConfigurationList;
			buildConfigurations = (
				5D7F01171EE4617300CDB229 /* Debug */,
				5D7F01181EE4617300CDB229 /* Release */,
			);
			defaultConfigurationIsVisible = 0;
		};
/* End XCConfigurationList section */
	};
	rootObject = 5D7F00F41EE4617300CDB229 /* Project object */;
}
